// !$*UTF8*$!
{
	archiveVersion = 1;
	classes = {
	};
	objectVersion = 56;
	objects = {

/* Begin PBXBuildFile section */
		4B01024F2B3E618300B90505 /* AppDelegate.swift in Sources */ = {isa = PBXBuildFile; fileRef = 4B01024E2B3E618300B90505 /* AppDelegate.swift */; };
		4B0102512B3E618300B90505 /* SceneDelegate.swift in Sources */ = {isa = PBXBuildFile; fileRef = 4B0102502B3E618300B90505 /* SceneDelegate.swift */; };
		4B0102532B3E618300B90505 /* ViewController.swift in Sources */ = {isa = PBXBuildFile; fileRef = 4B0102522B3E618300B90505 /* ViewController.swift */; };
		4B0102592B3E618300B90505 /* WeatherApp.xcdatamodeld in Sources */ = {isa = PBXBuildFile; fileRef = 4B0102572B3E618300B90505 /* WeatherApp.xcdatamodeld */; };
		4B01025B2B3E618400B90505 /* Assets.xcassets in Resources */ = {isa = PBXBuildFile; fileRef = 4B01025A2B3E618400B90505 /* Assets.xcassets */; };
		4B0102672B3E62AA00B90505 /* MainViewController.swift in Sources */ = {isa = PBXBuildFile; fileRef = 4B0102662B3E62AA00B90505 /* MainViewController.swift */; };
		4B0102692B3E63AE00B90505 /* WeatherInfoViewController.swift in Sources */ = {isa = PBXBuildFile; fileRef = 4B0102682B3E63AE00B90505 /* WeatherInfoViewController.swift */; };
		4B01026B2B3FCF0A00B90505 /* ServerController.swift in Sources */ = {isa = PBXBuildFile; fileRef = 4B01026A2B3FCF0A00B90505 /* ServerController.swift */; };
		4B01026E2B3FDBE700B90505 /* CurrentWeather.swift in Sources */ = {isa = PBXBuildFile; fileRef = 4B01026D2B3FDBE700B90505 /* CurrentWeather.swift */; };
		4B83A9382B51D315004ABF3C /* TenDayForecastView.swift in Sources */ = {isa = PBXBuildFile; fileRef = 4B83A9372B51D315004ABF3C /* TenDayForecastView.swift */; };
		4B83A93A2B51D576004ABF3C /* DailyForecastView.swift in Sources */ = {isa = PBXBuildFile; fileRef = 4B83A9392B51D576004ABF3C /* DailyForecastView.swift */; };
		4BAE21232B4C47E200A8250A /* ForecastedWeatherInfoView.swift in Sources */ = {isa = PBXBuildFile; fileRef = 4BAE21222B4C47E200A8250A /* ForecastedWeatherInfoView.swift */; };
		4BAE21252B4C727E00A8250A /* LoadingScreenViewController.swift in Sources */ = {isa = PBXBuildFile; fileRef = 4BAE21242B4C727E00A8250A /* LoadingScreenViewController.swift */; };
		4BAE21292B4CA73C00A8250A /* ForecastedWeather.swift in Sources */ = {isa = PBXBuildFile; fileRef = 4BAE21282B4CA73B00A8250A /* ForecastedWeather.swift */; };
		4BC2FD4A2B51C0180085BF14 /* WeatherConditionParser.swift in Sources */ = {isa = PBXBuildFile; fileRef = 4BC2FD492B51C0180085BF14 /* WeatherConditionParser.swift */; };
		4BF68A7A2B48CD65003BA5DC /* WeatherInfoMainView.swift in Sources */ = {isa = PBXBuildFile; fileRef = 4BF68A792B48CD65003BA5DC /* WeatherInfoMainView.swift */; };
		4BF68A7C2B48CFA0003BA5DC /* SideBySideLabelsView.swift in Sources */ = {isa = PBXBuildFile; fileRef = 4BF68A7B2B48CFA0003BA5DC /* SideBySideLabelsView.swift */; };
		4BF68A7E2B4B27D7003BA5DC /* TodaysForecastView.swift in Sources */ = {isa = PBXBuildFile; fileRef = 4BF68A7D2B4B27D7003BA5DC /* TodaysForecastView.swift */; };
		4BF68A802B4B8DD3003BA5DC /* ScrollableForecastView.swift in Sources */ = {isa = PBXBuildFile; fileRef = 4BF68A7F2B4B8DD3003BA5DC /* ScrollableForecastView.swift */; };
/* End PBXBuildFile section */

/* Begin PBXFileReference section */
		4B01024B2B3E618300B90505 /* WeatherApp.app */ = {isa = PBXFileReference; explicitFileType = wrapper.application; includeInIndex = 0; path = WeatherApp.app; sourceTree = BUILT_PRODUCTS_DIR; };
		4B01024E2B3E618300B90505 /* AppDelegate.swift */ = {isa = PBXFileReference; lastKnownFileType = sourcecode.swift; path = AppDelegate.swift; sourceTree = "<group>"; };
		4B0102502B3E618300B90505 /* SceneDelegate.swift */ = {isa = PBXFileReference; lastKnownFileType = sourcecode.swift; path = SceneDelegate.swift; sourceTree = "<group>"; };
		4B0102522B3E618300B90505 /* ViewController.swift */ = {isa = PBXFileReference; lastKnownFileType = sourcecode.swift; path = ViewController.swift; sourceTree = "<group>"; };
		4B0102582B3E618300B90505 /* WeatherApp.xcdatamodel */ = {isa = PBXFileReference; lastKnownFileType = wrapper.xcdatamodel; path = WeatherApp.xcdatamodel; sourceTree = "<group>"; };
		4B01025A2B3E618400B90505 /* Assets.xcassets */ = {isa = PBXFileReference; lastKnownFileType = folder.assetcatalog; path = Assets.xcassets; sourceTree = "<group>"; };
		4B01025F2B3E618400B90505 /* Info.plist */ = {isa = PBXFileReference; lastKnownFileType = text.plist.xml; path = Info.plist; sourceTree = "<group>"; };
		4B0102662B3E62AA00B90505 /* MainViewController.swift */ = {isa = PBXFileReference; lastKnownFileType = sourcecode.swift; path = MainViewController.swift; sourceTree = "<group>"; };
		4B0102682B3E63AE00B90505 /* WeatherInfoViewController.swift */ = {isa = PBXFileReference; lastKnownFileType = sourcecode.swift; path = WeatherInfoViewController.swift; sourceTree = "<group>"; };
		4B01026A2B3FCF0A00B90505 /* ServerController.swift */ = {isa = PBXFileReference; lastKnownFileType = sourcecode.swift; path = ServerController.swift; sourceTree = "<group>"; };
		4B01026D2B3FDBE700B90505 /* CurrentWeather.swift */ = {isa = PBXFileReference; lastKnownFileType = sourcecode.swift; path = CurrentWeather.swift; sourceTree = "<group>"; };
		4B83A9372B51D315004ABF3C /* TenDayForecastView.swift */ = {isa = PBXFileReference; lastKnownFileType = sourcecode.swift; path = TenDayForecastView.swift; sourceTree = "<group>"; };
		4B83A9392B51D576004ABF3C /* DailyForecastView.swift */ = {isa = PBXFileReference; lastKnownFileType = sourcecode.swift; path = DailyForecastView.swift; sourceTree = "<group>"; };
		4BAE21222B4C47E200A8250A /* ForecastedWeatherInfoView.swift */ = {isa = PBXFileReference; lastKnownFileType = sourcecode.swift; path = ForecastedWeatherInfoView.swift; sourceTree = "<group>"; };
		4BAE21242B4C727E00A8250A /* LoadingScreenViewController.swift */ = {isa = PBXFileReference; lastKnownFileType = sourcecode.swift; path = LoadingScreenViewController.swift; sourceTree = "<group>"; };
		4BAE21282B4CA73B00A8250A /* ForecastedWeather.swift */ = {isa = PBXFileReference; lastKnownFileType = sourcecode.swift; path = ForecastedWeather.swift; sourceTree = "<group>"; };
		4BC2FD492B51C0180085BF14 /* WeatherConditionParser.swift */ = {isa = PBXFileReference; lastKnownFileType = sourcecode.swift; path = WeatherConditionParser.swift; sourceTree = "<group>"; };
		4BF68A792B48CD65003BA5DC /* WeatherInfoMainView.swift */ = {isa = PBXFileReference; lastKnownFileType = sourcecode.swift; path = WeatherInfoMainView.swift; sourceTree = "<group>"; };
		4BF68A7B2B48CFA0003BA5DC /* SideBySideLabelsView.swift */ = {isa = PBXFileReference; lastKnownFileType = sourcecode.swift; path = SideBySideLabelsView.swift; sourceTree = "<group>"; };
		4BF68A7D2B4B27D7003BA5DC /* TodaysForecastView.swift */ = {isa = PBXFileReference; lastKnownFileType = sourcecode.swift; path = TodaysForecastView.swift; sourceTree = "<group>"; };
		4BF68A7F2B4B8DD3003BA5DC /* ScrollableForecastView.swift */ = {isa = PBXFileReference; lastKnownFileType = sourcecode.swift; path = ScrollableForecastView.swift; sourceTree = "<group>"; };
		DE22022682B1F022F4C02E15 /* Pods-WeatherApp.release.xcconfig */ = {isa = PBXFileReference; includeInIndex = 1; lastKnownFileType = text.xcconfig; name = "Pods-WeatherApp.release.xcconfig"; path = "Target Support Files/Pods-WeatherApp/Pods-WeatherApp.release.xcconfig"; sourceTree = "<group>"; };
		E22A40D00336B6F9A92EB54E /* Pods-WeatherApp.debug.xcconfig */ = {isa = PBXFileReference; includeInIndex = 1; lastKnownFileType = text.xcconfig; name = "Pods-WeatherApp.debug.xcconfig"; path = "Target Support Files/Pods-WeatherApp/Pods-WeatherApp.debug.xcconfig"; sourceTree = "<group>"; };
/* End PBXFileReference section */

/* Begin PBXFrameworksBuildPhase section */
		4B0102482B3E618300B90505 /* Frameworks */ = {
			isa = PBXFrameworksBuildPhase;
			buildActionMask = 2147483647;
			files = (
			);
			runOnlyForDeploymentPostprocessing = 0;
		};
/* End PBXFrameworksBuildPhase section */

/* Begin PBXGroup section */
		4B0102422B3E618300B90505 = {
			isa = PBXGroup;
			children = (
				4B01024D2B3E618300B90505 /* WeatherApp */,
				4B01024C2B3E618300B90505 /* Products */,
				E4CC602FFBCB5F472ACBD906 /* Pods */,
				5D79DD30C71E7BD999FB7E25 /* Frameworks */,
			);
			sourceTree = "<group>";
		};
		4B01024C2B3E618300B90505 /* Products */ = {
			isa = PBXGroup;
			children = (
				4B01024B2B3E618300B90505 /* WeatherApp.app */,
			);
			name = Products;
			sourceTree = "<group>";
		};
		4B01024D2B3E618300B90505 /* WeatherApp */ = {
			isa = PBXGroup;
			children = (
				4BF68A782B48CCE2003BA5DC /* Views */,
				4B8FEAA72B45E133001F5822 /* Networking */,
				4B01026C2B3FDBCC00B90505 /* Models */,
				4B01024E2B3E618300B90505 /* AppDelegate.swift */,
				4B0102502B3E618300B90505 /* SceneDelegate.swift */,
				4B0102522B3E618300B90505 /* ViewController.swift */,
				4B01025A2B3E618400B90505 /* Assets.xcassets */,
				4B01025F2B3E618400B90505 /* Info.plist */,
				4B0102572B3E618300B90505 /* WeatherApp.xcdatamodeld */,
				4B0102662B3E62AA00B90505 /* MainViewController.swift */,
				4B0102682B3E63AE00B90505 /* WeatherInfoViewController.swift */,
				4BAE21242B4C727E00A8250A /* LoadingScreenViewController.swift */,
				4BC2FD492B51C0180085BF14 /* WeatherConditionParser.swift */,
			);
			path = WeatherApp;
			sourceTree = "<group>";
		};
		4B01026C2B3FDBCC00B90505 /* Models */ = {
			isa = PBXGroup;
			children = (
				4B01026D2B3FDBE700B90505 /* CurrentWeather.swift */,
				4BAE21282B4CA73B00A8250A /* ForecastedWeather.swift */,
			);
			path = Models;
			sourceTree = "<group>";
		};
		4B8FEAA72B45E133001F5822 /* Networking */ = {
			isa = PBXGroup;
			children = (
				4B01026A2B3FCF0A00B90505 /* ServerController.swift */,
			);
			path = Networking;
			sourceTree = "<group>";
		};
		4BF68A782B48CCE2003BA5DC /* Views */ = {
			isa = PBXGroup;
			children = (
				4BF68A792B48CD65003BA5DC /* WeatherInfoMainView.swift */,
				4BF68A7B2B48CFA0003BA5DC /* SideBySideLabelsView.swift */,
				4BF68A7D2B4B27D7003BA5DC /* TodaysForecastView.swift */,
				4BF68A7F2B4B8DD3003BA5DC /* ScrollableForecastView.swift */,
				4BAE21222B4C47E200A8250A /* ForecastedWeatherInfoView.swift */,
				4B83A9372B51D315004ABF3C /* TenDayForecastView.swift */,
				4B83A9392B51D576004ABF3C /* DailyForecastView.swift */,
			);
			path = Views;
			sourceTree = "<group>";
		};
		5D79DD30C71E7BD999FB7E25 /* Frameworks */ = {
			isa = PBXGroup;
			children = (
			);
			name = Frameworks;
			sourceTree = "<group>";
		};
		E4CC602FFBCB5F472ACBD906 /* Pods */ = {
			isa = PBXGroup;
			children = (
				E22A40D00336B6F9A92EB54E /* Pods-WeatherApp.debug.xcconfig */,
				DE22022682B1F022F4C02E15 /* Pods-WeatherApp.release.xcconfig */,
			);
			path = Pods;
			sourceTree = "<group>";
		};
/* End PBXGroup section */

/* Begin PBXNativeTarget section */
		4B01024A2B3E618300B90505 /* WeatherApp */ = {
			isa = PBXNativeTarget;
			buildConfigurationList = 4B0102622B3E618400B90505 /* Build configuration list for PBXNativeTarget "WeatherApp" */;
			buildPhases = (
				9E5B2405EBC577E8BFBDB565 /* [CP] Check Pods Manifest.lock */,
				4B0102472B3E618300B90505 /* Sources */,
				4B0102482B3E618300B90505 /* Frameworks */,
				4B0102492B3E618300B90505 /* Resources */,
			);
			buildRules = (
			);
			dependencies = (
			);
			name = WeatherApp;
			productName = WeatherApp;
			productReference = 4B01024B2B3E618300B90505 /* WeatherApp.app */;
			productType = "com.apple.product-type.application";
		};
/* End PBXNativeTarget section */

/* Begin PBXProject section */
		4B0102432B3E618300B90505 /* Project object */ = {
			isa = PBXProject;
			attributes = {
				BuildIndependentTargetsInParallel = 1;
				LastSwiftUpdateCheck = 1430;
				LastUpgradeCheck = 1430;
				TargetAttributes = {
					4B01024A2B3E618300B90505 = {
						CreatedOnToolsVersion = 14.3;
					};
				};
			};
			buildConfigurationList = 4B0102462B3E618300B90505 /* Build configuration list for PBXProject "WeatherApp" */;
			compatibilityVersion = "Xcode 14.0";
			developmentRegion = en;
			hasScannedForEncodings = 0;
			knownRegions = (
				en,
				Base,
			);
			mainGroup = 4B0102422B3E618300B90505;
			productRefGroup = 4B01024C2B3E618300B90505 /* Products */;
			projectDirPath = "";
			projectRoot = "";
			targets = (
				4B01024A2B3E618300B90505 /* WeatherApp */,
			);
		};
/* End PBXProject section */

/* Begin PBXResourcesBuildPhase section */
		4B0102492B3E618300B90505 /* Resources */ = {
			isa = PBXResourcesBuildPhase;
			buildActionMask = 2147483647;
			files = (
				4B01025B2B3E618400B90505 /* Assets.xcassets in Resources */,
			);
			runOnlyForDeploymentPostprocessing = 0;
		};
/* End PBXResourcesBuildPhase section */

/* Begin PBXShellScriptBuildPhase section */
		9E5B2405EBC577E8BFBDB565 /* [CP] Check Pods Manifest.lock */ = {
			isa = PBXShellScriptBuildPhase;
			buildActionMask = 2147483647;
			files = (
			);
			inputFileListPaths = (
			);
			inputPaths = (
				"${PODS_PODFILE_DIR_PATH}/Podfile.lock",
				"${PODS_ROOT}/Manifest.lock",
			);
			name = "[CP] Check Pods Manifest.lock";
			outputFileListPaths = (
			);
			outputPaths = (
				"$(DERIVED_FILE_DIR)/Pods-WeatherApp-checkManifestLockResult.txt",
			);
			runOnlyForDeploymentPostprocessing = 0;
			shellPath = /bin/sh;
			shellScript = "diff \"${PODS_PODFILE_DIR_PATH}/Podfile.lock\" \"${PODS_ROOT}/Manifest.lock\" > /dev/null\nif [ $? != 0 ] ; then\n    # print error to STDERR\n    echo \"error: The sandbox is not in sync with the Podfile.lock. Run 'pod install' or update your CocoaPods installation.\" >&2\n    exit 1\nfi\n# This output is used by Xcode 'outputs' to avoid re-running this script phase.\necho \"SUCCESS\" > \"${SCRIPT_OUTPUT_FILE_0}\"\n";
			showEnvVarsInLog = 0;
		};
/* End PBXShellScriptBuildPhase section */

/* Begin PBXSourcesBuildPhase section */
		4B0102472B3E618300B90505 /* Sources */ = {
			isa = PBXSourcesBuildPhase;
			buildActionMask = 2147483647;
			files = (
				4BF68A7E2B4B27D7003BA5DC /* TodaysForecastView.swift in Sources */,
				4BAE21252B4C727E00A8250A /* LoadingScreenViewController.swift in Sources */,
				4BAE21232B4C47E200A8250A /* ForecastedWeatherInfoView.swift in Sources */,
				4B0102592B3E618300B90505 /* WeatherApp.xcdatamodeld in Sources */,
				4B01026B2B3FCF0A00B90505 /* ServerController.swift in Sources */,
				4B01026E2B3FDBE700B90505 /* CurrentWeather.swift in Sources */,
				4BF68A7A2B48CD65003BA5DC /* WeatherInfoMainView.swift in Sources */,
				4BF68A7C2B48CFA0003BA5DC /* SideBySideLabelsView.swift in Sources */,
				4B0102532B3E618300B90505 /* ViewController.swift in Sources */,
				4B83A93A2B51D576004ABF3C /* DailyForecastView.swift in Sources */,
				4B01024F2B3E618300B90505 /* AppDelegate.swift in Sources */,
				4B0102512B3E618300B90505 /* SceneDelegate.swift in Sources */,
				4BC2FD4A2B51C0180085BF14 /* WeatherConditionParser.swift in Sources */,
				4B0102672B3E62AA00B90505 /* MainViewController.swift in Sources */,
				4B83A9382B51D315004ABF3C /* TenDayForecastView.swift in Sources */,
				4BF68A802B4B8DD3003BA5DC /* ScrollableForecastView.swift in Sources */,
				4BAE21292B4CA73C00A8250A /* ForecastedWeather.swift in Sources */,
				4B0102692B3E63AE00B90505 /* WeatherInfoViewController.swift in Sources */,
			);
			runOnlyForDeploymentPostprocessing = 0;
		};
/* End PBXSourcesBuildPhase section */

/* Begin XCBuildConfiguration section */
		4B0102602B3E618400B90505 /* Debug */ = {
			isa = XCBuildConfiguration;
			buildSettings = {
				ALWAYS_SEARCH_USER_PATHS = NO;
				CLANG_ANALYZER_NONNULL = YES;
				CLANG_ANALYZER_NUMBER_OBJECT_CONVERSION = YES_AGGRESSIVE;
				CLANG_CXX_LANGUAGE_STANDARD = "gnu++20";
				CLANG_ENABLE_MODULES = YES;
				CLANG_ENABLE_OBJC_ARC = YES;
				CLANG_ENABLE_OBJC_WEAK = YES;
				CLANG_WARN_BLOCK_CAPTURE_AUTORELEASING = YES;
				CLANG_WARN_BOOL_CONVERSION = YES;
				CLANG_WARN_COMMA = YES;
				CLANG_WARN_CONSTANT_CONVERSION = YES;
				CLANG_WARN_DEPRECATED_OBJC_IMPLEMENTATIONS = YES;
				CLANG_WARN_DIRECT_OBJC_ISA_USAGE = YES_ERROR;
				CLANG_WARN_DOCUMENTATION_COMMENTS = YES;
				CLANG_WARN_EMPTY_BODY = YES;
				CLANG_WARN_ENUM_CONVERSION = YES;
				CLANG_WARN_INFINITE_RECURSION = YES;
				CLANG_WARN_INT_CONVERSION = YES;
				CLANG_WARN_NON_LITERAL_NULL_CONVERSION = YES;
				CLANG_WARN_OBJC_IMPLICIT_RETAIN_SELF = YES;
				CLANG_WARN_OBJC_LITERAL_CONVERSION = YES;
				CLANG_WARN_OBJC_ROOT_CLASS = YES_ERROR;
				CLANG_WARN_QUOTED_INCLUDE_IN_FRAMEWORK_HEADER = YES;
				CLANG_WARN_RANGE_LOOP_ANALYSIS = YES;
				CLANG_WARN_STRICT_PROTOTYPES = YES;
				CLANG_WARN_SUSPICIOUS_MOVE = YES;
				CLANG_WARN_UNGUARDED_AVAILABILITY = YES_AGGRESSIVE;
				CLANG_WARN_UNREACHABLE_CODE = YES;
				CLANG_WARN__DUPLICATE_METHOD_MATCH = YES;
				COPY_PHASE_STRIP = NO;
				DEBUG_INFORMATION_FORMAT = dwarf;
				ENABLE_STRICT_OBJC_MSGSEND = YES;
				ENABLE_TESTABILITY = YES;
				GCC_C_LANGUAGE_STANDARD = gnu11;
				GCC_DYNAMIC_NO_PIC = NO;
				GCC_NO_COMMON_BLOCKS = YES;
				GCC_OPTIMIZATION_LEVEL = 0;
				GCC_PREPROCESSOR_DEFINITIONS = (
					"DEBUG=1",
					"$(inherited)",
				);
				GCC_WARN_64_TO_32_BIT_CONVERSION = YES;
				GCC_WARN_ABOUT_RETURN_TYPE = YES_ERROR;
				GCC_WARN_UNDECLARED_SELECTOR = YES;
				GCC_WARN_UNINITIALIZED_AUTOS = YES_AGGRESSIVE;
				GCC_WARN_UNUSED_FUNCTION = YES;
				GCC_WARN_UNUSED_VARIABLE = YES;
				IPHONEOS_DEPLOYMENT_TARGET = 16.4;
				MTL_ENABLE_DEBUG_INFO = INCLUDE_SOURCE;
				MTL_FAST_MATH = YES;
				ONLY_ACTIVE_ARCH = YES;
				SDKROOT = iphoneos;
				SWIFT_ACTIVE_COMPILATION_CONDITIONS = DEBUG;
				SWIFT_OPTIMIZATION_LEVEL = "-Onone";
			};
			name = Debug;
		};
		4B0102612B3E618400B90505 /* Release */ = {
			isa = XCBuildConfiguration;
			buildSettings = {
				ALWAYS_SEARCH_USER_PATHS = NO;
				CLANG_ANALYZER_NONNULL = YES;
				CLANG_ANALYZER_NUMBER_OBJECT_CONVERSION = YES_AGGRESSIVE;
				CLANG_CXX_LANGUAGE_STANDARD = "gnu++20";
				CLANG_ENABLE_MODULES = YES;
				CLANG_ENABLE_OBJC_ARC = YES;
				CLANG_ENABLE_OBJC_WEAK = YES;
				CLANG_WARN_BLOCK_CAPTURE_AUTORELEASING = YES;
				CLANG_WARN_BOOL_CONVERSION = YES;
				CLANG_WARN_COMMA = YES;
				CLANG_WARN_CONSTANT_CONVERSION = YES;
				CLANG_WARN_DEPRECATED_OBJC_IMPLEMENTATIONS = YES;
				CLANG_WARN_DIRECT_OBJC_ISA_USAGE = YES_ERROR;
				CLANG_WARN_DOCUMENTATION_COMMENTS = YES;
				CLANG_WARN_EMPTY_BODY = YES;
				CLANG_WARN_ENUM_CONVERSION = YES;
				CLANG_WARN_INFINITE_RECURSION = YES;
				CLANG_WARN_INT_CONVERSION = YES;
				CLANG_WARN_NON_LITERAL_NULL_CONVERSION = YES;
				CLANG_WARN_OBJC_IMPLICIT_RETAIN_SELF = YES;
				CLANG_WARN_OBJC_LITERAL_CONVERSION = YES;
				CLANG_WARN_OBJC_ROOT_CLASS = YES_ERROR;
				CLANG_WARN_QUOTED_INCLUDE_IN_FRAMEWORK_HEADER = YES;
				CLANG_WARN_RANGE_LOOP_ANALYSIS = YES;
				CLANG_WARN_STRICT_PROTOTYPES = YES;
				CLANG_WARN_SUSPICIOUS_MOVE = YES;
				CLANG_WARN_UNGUARDED_AVAILABILITY = YES_AGGRESSIVE;
				CLANG_WARN_UNREACHABLE_CODE = YES;
				CLANG_WARN__DUPLICATE_METHOD_MATCH = YES;
				COPY_PHASE_STRIP = NO;
				DEBUG_INFORMATION_FORMAT = "dwarf-with-dsym";
				ENABLE_NS_ASSERTIONS = NO;
				ENABLE_STRICT_OBJC_MSGSEND = YES;
				GCC_C_LANGUAGE_STANDARD = gnu11;
				GCC_NO_COMMON_BLOCKS = YES;
				GCC_WARN_64_TO_32_BIT_CONVERSION = YES;
				GCC_WARN_ABOUT_RETURN_TYPE = YES_ERROR;
				GCC_WARN_UNDECLARED_SELECTOR = YES;
				GCC_WARN_UNINITIALIZED_AUTOS = YES_AGGRESSIVE;
				GCC_WARN_UNUSED_FUNCTION = YES;
				GCC_WARN_UNUSED_VARIABLE = YES;
				IPHONEOS_DEPLOYMENT_TARGET = 16.4;
				MTL_ENABLE_DEBUG_INFO = NO;
				MTL_FAST_MATH = YES;
				SDKROOT = iphoneos;
				SWIFT_COMPILATION_MODE = wholemodule;
				SWIFT_OPTIMIZATION_LEVEL = "-O";
				VALIDATE_PRODUCT = YES;
			};
			name = Release;
		};
		4B0102632B3E618400B90505 /* Debug */ = {
			isa = XCBuildConfiguration;
			baseConfigurationReference = E22A40D00336B6F9A92EB54E /* Pods-WeatherApp.debug.xcconfig */;
			buildSettings = {
				ASSETCATALOG_COMPILER_APPICON_NAME = AppIcon;
				ASSETCATALOG_COMPILER_GLOBAL_ACCENT_COLOR_NAME = AccentColor;
				CODE_SIGN_STYLE = Automatic;
				CURRENT_PROJECT_VERSION = 1;
				GENERATE_INFOPLIST_FILE = YES;
				INFOPLIST_FILE = WeatherApp/Info.plist;
				INFOPLIST_KEY_UIApplicationSupportsIndirectInputEvents = YES;
				INFOPLIST_KEY_UILaunchStoryboardName = LaunchScreen;
				INFOPLIST_KEY_UISupportedInterfaceOrientations_iPad = "UIInterfaceOrientationPortrait UIInterfaceOrientationPortraitUpsideDown UIInterfaceOrientationLandscapeLeft UIInterfaceOrientationLandscapeRight";
				INFOPLIST_KEY_UISupportedInterfaceOrientations_iPhone = "UIInterfaceOrientationPortrait UIInterfaceOrientationLandscapeLeft UIInterfaceOrientationLandscapeRight";
				LD_RUNPATH_SEARCH_PATHS = (
					"$(inherited)",
					"@executable_path/Frameworks",
				);
				MARKETING_VERSION = 1.0;
				PRODUCT_BUNDLE_IDENTIFIER = example.WeatherApp;
				PRODUCT_NAME = "$(TARGET_NAME)";
				SWIFT_EMIT_LOC_STRINGS = YES;
				SWIFT_VERSION = 5.0;
				TARGETED_DEVICE_FAMILY = "1,2";
			};
			name = Debug;
		};
		4B0102642B3E618400B90505 /* Release */ = {
			isa = XCBuildConfiguration;
			baseConfigurationReference = DE22022682B1F022F4C02E15 /* Pods-WeatherApp.release.xcconfig */;
			buildSettings = {
				ASSETCATALOG_COMPILER_APPICON_NAME = AppIcon;
				ASSETCATALOG_COMPILER_GLOBAL_ACCENT_COLOR_NAME = AccentColor;
				CODE_SIGN_STYLE = Automatic;
				CURRENT_PROJECT_VERSION = 1;
				GENERATE_INFOPLIST_FILE = YES;
				INFOPLIST_FILE = WeatherApp/Info.plist;
				INFOPLIST_KEY_UIApplicationSupportsIndirectInputEvents = YES;
				INFOPLIST_KEY_UILaunchStoryboardName = LaunchScreen;
				INFOPLIST_KEY_UISupportedInterfaceOrientations_iPad = "UIInterfaceOrientationPortrait UIInterfaceOrientationPortraitUpsideDown UIInterfaceOrientationLandscapeLeft UIInterfaceOrientationLandscapeRight";
				INFOPLIST_KEY_UISupportedInterfaceOrientations_iPhone = "UIInterfaceOrientationPortrait UIInterfaceOrientationLandscapeLeft UIInterfaceOrientationLandscapeRight";
				LD_RUNPATH_SEARCH_PATHS = (
					"$(inherited)",
					"@executable_path/Frameworks",
				);
				MARKETING_VERSION = 1.0;
				PRODUCT_BUNDLE_IDENTIFIER = example.WeatherApp;
				PRODUCT_NAME = "$(TARGET_NAME)";
				SWIFT_EMIT_LOC_STRINGS = YES;
				SWIFT_VERSION = 5.0;
				TARGETED_DEVICE_FAMILY = "1,2";
			};
			name = Release;
		};
/* End XCBuildConfiguration section */

/* Begin XCConfigurationList section */
		4B0102462B3E618300B90505 /* Build configuration list for PBXProject "WeatherApp" */ = {
			isa = XCConfigurationList;
			buildConfigurations = (
				4B0102602B3E618400B90505 /* Debug */,
				4B0102612B3E618400B90505 /* Release */,
			);
			defaultConfigurationIsVisible = 0;
			defaultConfigurationName = Release;
		};
		4B0102622B3E618400B90505 /* Build configuration list for PBXNativeTarget "WeatherApp" */ = {
			isa = XCConfigurationList;
			buildConfigurations = (
				4B0102632B3E618400B90505 /* Debug */,
				4B0102642B3E618400B90505 /* Release */,
			);
			defaultConfigurationIsVisible = 0;
			defaultConfigurationName = Release;
		};
/* End XCConfigurationList section */

/* Begin XCVersionGroup section */
		4B0102572B3E618300B90505 /* WeatherApp.xcdatamodeld */ = {
			isa = XCVersionGroup;
			children = (
				4B0102582B3E618300B90505 /* WeatherApp.xcdatamodel */,
			);
			currentVersion = 4B0102582B3E618300B90505 /* WeatherApp.xcdatamodel */;
			path = WeatherApp.xcdatamodeld;
			sourceTree = "<group>";
			versionGroupType = wrapper.xcdatamodel;
		};
/* End XCVersionGroup section */
	};
	rootObject = 4B0102432B3E618300B90505 /* Project object */;
}
